
Microsoft Visual Studio Solution File, Format Version 12.00
# Visual Studio 15
VisualStudioVersion = 15.0.27004.2009
MinimumVisualStudioVersion = 10.0.40219.1
Project("{8BC9CEB8-8B4A-11D0-8D11-00A0C91BC942}") = "ReCharSet", "ReCharSet\ReCharSet.vcxproj", "{5E6AE631-5EB7-4CBD-A698-95770FBE6C39}"
EndProject
Project("{8BC9CEB8-8B4A-11D0-8D11-00A0C91BC942}") = "ITLStdLib", "ITLStdLib\ITLStdLib.vcxproj", "{7B1D465E-CF98-4721-8AB9-616BDA48113F}"
EndProject
Global
	GlobalSection(SolutionConfigurationPlatforms) = preSolution
		Debug|Win32 = Debug|Win32
		Release|Win32 = Release|Win32
	EndGlobalSection
	GlobalSection(ProjectConfigurationPlatforms) = postSolution
		{5E6AE631-5EB7-4CBD-A698-95770FBE6C39}.Debug|Win32.ActiveCfg = Debug|Win32
		{5E6AE631-5EB7-4CBD-A698-95770FBE6C39}.Debug|Win32.Build.0 = Debug|Win32
		{5E6AE631-5EB7-4CBD-A698-95770FBE6C39}.Release|Win32.ActiveCfg = Release|Win32
		{5E6AE631-5EB7-4CBD-A698-95770FBE6C39}.Release|Win32.Build.0 = Release|Win32
		{7B1D465E-CF98-4721-8AB9-616BDA48113F}.Debug|Win32.ActiveCfg = Debug|Win32
		{7B1D465E-CF98-4721-8AB9-616BDA48113F}.Debug|Win32.Build.0 = Debug|Win32
		{7B1D465E-CF98-4721-8AB9-616BDA48113F}.Release|Win32.ActiveCfg = Release|Win32
		{7B1D465E-CF98-4721-8AB9-616BDA48113F}.Release|Win32.Build.0 = Release|Win32
	EndGlobalSection
	GlobalSection(SolutionProperties) = preSolution
		HideSolutionNode = FALSE
	EndGlobalSection
	GlobalSection(ExtensibilityGlobals) = postSolution
		SolutionGuid = {2736609F-44D1-4031-AADD-88B5CE1D11E6}
	EndGlobalSection
EndGlobal
